// !$*UTF8*$!
{
	archiveVersion = 1;
	classes = {
	};
	objectVersion = 56;
	objects = {

/* Begin PBXBuildFile section */
		A10000000000000000000001 /* DaycastApp.swift in Sources */ = {isa = PBXBuildFile; fileRef = A20000000000000000000001 /* DaycastApp.swift */; };
		A10000000000000000000002 /* ContentView.swift in Sources */ = {isa = PBXBuildFile; fileRef = A20000000000000000000002 /* ContentView.swift */; };
		A10000000000000000000003 /* DaycastModels.swift in Sources */ = {isa = PBXBuildFile; fileRef = A20000000000000000000003 /* DaycastModels.swift */; };
		A10000000000000000000004 /* DaycastStore.swift in Sources */ = {isa = PBXBuildFile; fileRef = A20000000000000000000004 /* DaycastStore.swift */; };
		A10000000000000000000005 /* DaycastWidget.swift in Sources */ = {isa = PBXBuildFile; fileRef = A20000000000000000000005 /* DaycastWidget.swift */; };
		A10000000000000000000006 /* DaycastModels.swift in Sources */ = {isa = PBXBuildFile; fileRef = A20000000000000000000003 /* DaycastModels.swift */; };
		A10000000000000000000007 /* DaycastStore.swift in Sources */ = {isa = PBXBuildFile; fileRef = A20000000000000000000004 /* DaycastStore.swift */; };
		A10000000000000000000008 /* DaycastWidget.appex in Embed App Extensions */ = {isa = PBXBuildFile; fileRef = A30000000000000000000002 /* DaycastWidget.appex */; settings = {ATTRIBUTES = (RemoveHeadersOnCopy, ); }; };
		A10000000000000000000009 /* DaycastWeatherService.swift in Sources */ = {isa = PBXBuildFile; fileRef = A20000000000000000000010 /* DaycastWeatherService.swift */; };
		A1000000000000000000000A /* DaycastLocationProvider.swift in Sources */ = {isa = PBXBuildFile; fileRef = A20000000000000000000011 /* DaycastLocationProvider.swift */; };
		A1000000000000000000000B /* DaycastConstants.swift in Sources */ = {isa = PBXBuildFile; fileRef = A20000000000000000000012 /* DaycastConstants.swift */; };
		A1000000000000000000000C /* DaycastConstants.swift in Sources */ = {isa = PBXBuildFile; fileRef = A20000000000000000000012 /* DaycastConstants.swift */; };
		B10000000000000000000001 /* LoginHelperApp.swift in Sources */ = {isa = PBXBuildFile; fileRef = B20000000000000000000001 /* LoginHelperApp.swift */; };
		B10000000000000000000002 /* DaycastLoginHelper.app in Embed Login Items */ = {isa = PBXBuildFile; fileRef = B30000000000000000000001 /* DaycastLoginHelper.app */; settings = {ATTRIBUTES = (CodeSignOnCopy, RemoveHeadersOnCopy, ); }; };
/* End PBXBuildFile section */

/* Begin PBXContainerItemProxy section */
		AC0000000000000000000001 /* PBXContainerItemProxy */ = {
			isa = PBXContainerItemProxy;
			containerPortal = A00000000000000000000001 /* Project object */;
			proxyType = 1;
			remoteGlobalIDString = A70000000000000000000002;
			remoteInfo = DaycastWidget;
		};
		BC0000000000000000000001 /* PBXContainerItemProxy */ = {
			isa = PBXContainerItemProxy;
			containerPortal = A00000000000000000000001 /* Project object */;
			proxyType = 1;
			remoteGlobalIDString = B70000000000000000000001;
			remoteInfo = DaycastLoginHelper;
		};
/* End PBXContainerItemProxy section */

/* Begin PBXCopyFilesBuildPhase section */
		A40000000000000000000001 /* Embed App Extensions */ = {
			isa = PBXCopyFilesBuildPhase;
			buildActionMask = 2147483647;
			dstPath = "";
			dstSubfolderSpec = 13;
			files = (
				A10000000000000000000008 /* DaycastWidget.appex in Embed App Extensions */,
			);
			name = "Embed App Extensions";
			runOnlyForDeploymentPostprocessing = 0;
		};
		B40000000000000000000001 /* Embed Login Items */ = {
			isa = PBXCopyFilesBuildPhase;
			buildActionMask = 2147483647;
			dstPath = "$(TARGET_BUILD_DIR)/$(WRAPPER_NAME)/Contents/Library/LoginItems";
			dstSubfolderSpec = 0;
			files = (
				B10000000000000000000002 /* DaycastLoginHelper.app in Embed Login Items */,
			);
			name = "Embed Login Items";
			runOnlyForDeploymentPostprocessing = 0;
		};
/* End PBXCopyFilesBuildPhase section */

/* Begin PBXFileReference section */
		A20000000000000000000001 /* DaycastApp.swift */ = {isa = PBXFileReference; lastKnownFileType = sourcecode.swift; path = DaycastApp.swift; sourceTree = "<group>"; };
		A20000000000000000000002 /* ContentView.swift */ = {isa = PBXFileReference; lastKnownFileType = sourcecode.swift; path = ContentView.swift; sourceTree = "<group>"; };
		A20000000000000000000003 /* DaycastModels.swift */ = {isa = PBXFileReference; lastKnownFileType = sourcecode.swift; path = DaycastModels.swift; sourceTree = "<group>"; };
		A20000000000000000000004 /* DaycastStore.swift */ = {isa = PBXFileReference; lastKnownFileType = sourcecode.swift; path = DaycastStore.swift; sourceTree = "<group>"; };
		A20000000000000000000005 /* DaycastWidget.swift */ = {isa = PBXFileReference; lastKnownFileType = sourcecode.swift; path = DaycastWidget.swift; sourceTree = "<group>"; };
		A20000000000000000000006 /* Info.plist */ = {isa = PBXFileReference; lastKnownFileType = text.plist.xml; path = Info.plist; sourceTree = "<group>"; };
		A20000000000000000000007 /* Daycast.entitlements */ = {isa = PBXFileReference; lastKnownFileType = text.plist.entitlements; path = Daycast.entitlements; sourceTree = "<group>"; };
		A20000000000000000000008 /* Info.plist */ = {isa = PBXFileReference; lastKnownFileType = text.plist.xml; path = Info.plist; sourceTree = "<group>"; };
		A20000000000000000000009 /* DaycastWidget.entitlements */ = {isa = PBXFileReference; lastKnownFileType = text.plist.entitlements; path = DaycastWidget.entitlements; sourceTree = "<group>"; };
		A20000000000000000000010 /* DaycastWeatherService.swift */ = {isa = PBXFileReference; lastKnownFileType = sourcecode.swift; path = DaycastWeatherService.swift; sourceTree = "<group>"; };
		A20000000000000000000011 /* DaycastLocationProvider.swift */ = {isa = PBXFileReference; lastKnownFileType = sourcecode.swift; path = DaycastLocationProvider.swift; sourceTree = "<group>"; };
		A20000000000000000000012 /* DaycastConstants.swift */ = {isa = PBXFileReference; lastKnownFileType = sourcecode.swift; path = DaycastConstants.swift; sourceTree = "<group>"; };
		A30000000000000000000001 /* Daycast.app */ = {isa = PBXFileReference; explicitFileType = wrapper.application; includeInIndex = 0; path = Daycast.app; sourceTree = BUILT_PRODUCTS_DIR; };
		A30000000000000000000002 /* DaycastWidget.appex */ = {isa = PBXFileReference; explicitFileType = "wrapper.app-extension"; includeInIndex = 0; path = DaycastWidget.appex; sourceTree = BUILT_PRODUCTS_DIR; };
		B20000000000000000000001 /* LoginHelperApp.swift */ = {isa = PBXFileReference; lastKnownFileType = sourcecode.swift; path = LoginHelperApp.swift; sourceTree = "<group>"; };
		B20000000000000000000002 /* Info.plist */ = {isa = PBXFileReference; lastKnownFileType = text.plist.xml; path = Info.plist; sourceTree = "<group>"; };
		B20000000000000000000003 /* DaycastLoginHelper.entitlements */ = {isa = PBXFileReference; lastKnownFileType = text.plist.entitlements; path = DaycastLoginHelper.entitlements; sourceTree = "<group>"; };
		B30000000000000000000001 /* DaycastLoginHelper.app */ = {isa = PBXFileReference; explicitFileType = wrapper.application; includeInIndex = 0; path = DaycastLoginHelper.app; sourceTree = BUILT_PRODUCTS_DIR; };
/* End PBXFileReference section */

/* Begin PBXFrameworksBuildPhase section */
		A50000000000000000000001 /* Frameworks */ = {
			isa = PBXFrameworksBuildPhase;
			buildActionMask = 2147483647;
			files = (
			);
			runOnlyForDeploymentPostprocessing = 0;
		};
		A50000000000000000000002 /* Frameworks */ = {
			isa = PBXFrameworksBuildPhase;
			buildActionMask = 2147483647;
			files = (
			);
			runOnlyForDeploymentPostprocessing = 0;
		};
		B50000000000000000000001 /* Frameworks */ = {
			isa = PBXFrameworksBuildPhase;
			buildActionMask = 2147483647;
			files = (
			);
			runOnlyForDeploymentPostprocessing = 0;
		};
/* End PBXFrameworksBuildPhase section */

/* Begin PBXGroup section */
		A60000000000000000000001 = {
			isa = PBXGroup;
			children = (
				A60000000000000000000002 /* Daycast */,
				B60000000000000000000001 /* DaycastLoginHelper */,
				A60000000000000000000003 /* DaycastWidget */,
				A60000000000000000000004 /* Shared */,
				A60000000000000000000005 /* Products */,
			);
			sourceTree = "<group>";
		};
		A60000000000000000000002 /* Daycast */ = {
			isa = PBXGroup;
			children = (
				A20000000000000000000001 /* DaycastApp.swift */,
				A20000000000000000000002 /* ContentView.swift */,
				A20000000000000000000010 /* DaycastWeatherService.swift */,
				A20000000000000000000011 /* DaycastLocationProvider.swift */,
				A20000000000000000000006 /* Info.plist */,
				A20000000000000000000007 /* Daycast.entitlements */,
			);
			path = Daycast;
			sourceTree = "<group>";
		};
		A60000000000000000000003 /* DaycastWidget */ = {
			isa = PBXGroup;
			children = (
				A20000000000000000000005 /* DaycastWidget.swift */,
				A20000000000000000000008 /* Info.plist */,
				A20000000000000000000009 /* DaycastWidget.entitlements */,
			);
			path = DaycastWidget;
			sourceTree = "<group>";
		};
		B60000000000000000000001 /* DaycastLoginHelper */ = {
			isa = PBXGroup;
			children = (
				B20000000000000000000001 /* LoginHelperApp.swift */,
				B20000000000000000000002 /* Info.plist */,
				B20000000000000000000003 /* DaycastLoginHelper.entitlements */,
			);
			path = DaycastLoginHelper;
			sourceTree = "<group>";
		};
		A60000000000000000000004 /* Shared */ = {
			isa = PBXGroup;
			children = (
				A20000000000000000000003 /* DaycastModels.swift */,
				A20000000000000000000004 /* DaycastStore.swift */,
				A20000000000000000000012 /* DaycastConstants.swift */,
			);
			path = Shared;
			sourceTree = "<group>";
		};
		A60000000000000000000005 /* Products */ = {
			isa = PBXGroup;
			children = (
				A30000000000000000000001 /* Daycast.app */,
				B30000000000000000000001 /* DaycastLoginHelper.app */,
				A30000000000000000000002 /* DaycastWidget.appex */,
			);
			name = Products;
			sourceTree = "<group>";
		};
/* End PBXGroup section */

/* Begin PBXNativeTarget section */
		A70000000000000000000001 /* Daycast */ = {
			isa = PBXNativeTarget;
			buildConfigurationList = A90000000000000000000002 /* Build configuration list for PBXNativeTarget "Daycast" */;
			buildPhases = (
				A80000000000000000000001 /* Sources */,
				A50000000000000000000001 /* Frameworks */,
				A40000000000000000000001 /* Embed App Extensions */,
				B40000000000000000000001 /* Embed Login Items */,
			);
			buildRules = (
			);
			dependencies = (
				AB0000000000000000000001 /* PBXTargetDependency */,
				BB0000000000000000000001 /* PBXTargetDependency */,
			);
			name = Daycast;
			productName = Daycast;
			productReference = A30000000000000000000001 /* Daycast.app */;
			productType = "com.apple.product-type.application";
		};
		A70000000000000000000002 /* DaycastWidget */ = {
			isa = PBXNativeTarget;
			buildConfigurationList = A90000000000000000000003 /* Build configuration list for PBXNativeTarget "DaycastWidget" */;
			buildPhases = (
				A80000000000000000000002 /* Sources */,
				A50000000000000000000002 /* Frameworks */,
			);
			buildRules = (
			);
			dependencies = (
			);
			name = DaycastWidget;
			productName = DaycastWidget;
			productReference = A30000000000000000000002 /* DaycastWidget.appex */;
			productType = "com.apple.product-type.app-extension";
		};
		B70000000000000000000001 /* DaycastLoginHelper */ = {
			isa = PBXNativeTarget;
			buildConfigurationList = B90000000000000000000001 /* Build configuration list for PBXNativeTarget "DaycastLoginHelper" */;
			buildPhases = (
				B80000000000000000000001 /* Sources */,
				B50000000000000000000001 /* Frameworks */,
			);
			buildRules = (
			);
			dependencies = (
			);
			name = DaycastLoginHelper;
			productName = DaycastLoginHelper;
			productReference = B30000000000000000000001 /* DaycastLoginHelper.app */;
			productType = "com.apple.product-type.application";
		};
/* End PBXNativeTarget section */

/* Begin PBXProject section */
		A00000000000000000000001 /* Project object */ = {
			isa = PBXProject;
			attributes = {
				BuildIndependentTargetsInParallel = 1;
				LastSwiftUpdateCheck = 1600;
				LastUpgradeCheck = 1600;
				TargetAttributes = {
					A70000000000000000000001 = {
						CreatedOnToolsVersion = 16.0;
						LastSwiftMigration = 1600;
					};
					A70000000000000000000002 = {
						CreatedOnToolsVersion = 16.0;
						LastSwiftMigration = 1600;
					};
					B70000000000000000000001 = {
						CreatedOnToolsVersion = 16.0;
						LastSwiftMigration = 1600;
					};
				};
			};
			buildConfigurationList = A90000000000000000000001 /* Build configuration list for PBXProject "Daycast" */;
			compatibilityVersion = "Xcode 14.0";
			developmentRegion = en;
			hasScannedForEncodings = 0;
			knownRegions = (
				en,
				Base,
			);
			mainGroup = A60000000000000000000001;
			productRefGroup = A60000000000000000000005 /* Products */;
			projectDirPath = "";
			projectRoot = "";
			targets = (
				A70000000000000000000001 /* Daycast */,
				B70000000000000000000001 /* DaycastLoginHelper */,
				A70000000000000000000002 /* DaycastWidget */,
			);
		};
/* End PBXProject section */

/* Begin PBXSourcesBuildPhase section */
		A80000000000000000000001 /* Sources */ = {
			isa = PBXSourcesBuildPhase;
			buildActionMask = 2147483647;
			files = (
				A10000000000000000000001 /* DaycastApp.swift in Sources */,
				A10000000000000000000002 /* ContentView.swift in Sources */,
				A10000000000000000000009 /* DaycastWeatherService.swift in Sources */,
				A1000000000000000000000A /* DaycastLocationProvider.swift in Sources */,
				A10000000000000000000003 /* DaycastModels.swift in Sources */,
				A10000000000000000000004 /* DaycastStore.swift in Sources */,
				A1000000000000000000000B /* DaycastConstants.swift in Sources */,
			);
			runOnlyForDeploymentPostprocessing = 0;
		};
		A80000000000000000000002 /* Sources */ = {
			isa = PBXSourcesBuildPhase;
			buildActionMask = 2147483647;
			files = (
				A10000000000000000000005 /* DaycastWidget.swift in Sources */,
				A10000000000000000000006 /* DaycastModels.swift in Sources */,
				A10000000000000000000007 /* DaycastStore.swift in Sources */,
				A1000000000000000000000C /* DaycastConstants.swift in Sources */,
			);
			runOnlyForDeploymentPostprocessing = 0;
		};
		B80000000000000000000001 /* Sources */ = {
			isa = PBXSourcesBuildPhase;
			buildActionMask = 2147483647;
			files = (
				B10000000000000000000001 /* LoginHelperApp.swift in Sources */,
			);
			runOnlyForDeploymentPostprocessing = 0;
		};
/* End PBXSourcesBuildPhase section */

/* Begin PBXTargetDependency section */
		AB0000000000000000000001 /* PBXTargetDependency */ = {
			isa = PBXTargetDependency;
			target = A70000000000000000000002 /* DaycastWidget */;
			targetProxy = AC0000000000000000000001 /* PBXContainerItemProxy */;
		};
		BB0000000000000000000001 /* PBXTargetDependency */ = {
			isa = PBXTargetDependency;
			target = B70000000000000000000001 /* DaycastLoginHelper */;
			targetProxy = BC0000000000000000000001 /* PBXContainerItemProxy */;
		};
/* End PBXTargetDependency section */

/* Begin XCBuildConfiguration section */
		AD0000000000000000000001 /* Debug */ = {
			isa = XCBuildConfiguration;
			buildSettings = {
				ALWAYS_SEARCH_USER_PATHS = NO;
				CLANG_ANALYZER_NONNULL = YES;
				CLANG_ANALYZER_NUMBER_OBJECT_CONVERSION = YES_AGGRESSIVE;
				CLANG_CXX_LANGUAGE_STANDARD = "gnu++20";
				CLANG_ENABLE_MODULES = YES;
				CLANG_ENABLE_OBJC_ARC = YES;
				CLANG_ENABLE_OBJC_WEAK = YES;
				CLANG_WARN_BLOCK_CAPTURE_AUTORELEASING = YES;
				CLANG_WARN_BOOL_CONVERSION = YES;
				CLANG_WARN_COMMA = YES;
				CLANG_WARN_CONSTANT_CONVERSION = YES;
				CLANG_WARN_DEPRECATED_OBJC_IMPLEMENTATIONS = YES;
				CLANG_WARN_DIRECT_OBJC_ISA_USAGE = YES_ERROR;
				CLANG_WARN_DOCUMENTATION_COMMENTS = YES;
				CLANG_WARN_EMPTY_BODY = YES;
				CLANG_WARN_ENUM_CONVERSION = YES;
				CLANG_WARN_INFINITE_RECURSION = YES;
				CLANG_WARN_INT_CONVERSION = YES;
				CLANG_WARN_NON_LITERAL_NULL_CONVERSION = YES;
				CLANG_WARN_OBJC_IMPLICIT_RETAIN_SELF = YES;
				CLANG_WARN_OBJC_LITERAL_CONVERSION = YES;
				CLANG_WARN_OBJC_ROOT_CLASS = YES_ERROR;
				CLANG_WARN_QUOTED_INCLUDE_IN_FRAMEWORK_HEADER = YES;
				CLANG_WARN_RANGE_LOOP_ANALYSIS = YES;
				CLANG_WARN_STRICT_PROTOTYPES = YES;
				CLANG_WARN_SUSPICIOUS_MOVE = YES;
				CLANG_WARN_UNGUARDED_AVAILABILITY = YES_AGGRESSIVE;
				CLANG_WARN_UNREACHABLE_CODE = YES;
				CLANG_WARN__DUPLICATE_METHOD_MATCH = YES;
				COPY_PHASE_STRIP = NO;
				DEBUG_INFORMATION_FORMAT = dwarf;
				ENABLE_STRICT_OBJC_MSGSEND = YES;
				ENABLE_TESTABILITY = YES;
				ENABLE_USER_SCRIPT_SANDBOXING = YES;
				GCC_C_LANGUAGE_STANDARD = gnu17;
				GCC_DYNAMIC_NO_PIC = NO;
				GCC_NO_COMMON_BLOCKS = YES;
				GCC_OPTIMIZATION_LEVEL = 0;
				GCC_PREPROCESSOR_DEFINITIONS = (
					"DEBUG=1",
					"$(inherited)",
				);
				GCC_WARN_64_TO_32_BIT_CONVERSION = YES;
				GCC_WARN_ABOUT_RETURN_TYPE = YES_ERROR;
				GCC_WARN_UNDECLARED_SELECTOR = YES;
				GCC_WARN_UNINITIALIZED_AUTOS = YES_AGGRESSIVE;
				GCC_WARN_UNUSED_FUNCTION = YES;
				GCC_WARN_UNUSED_VARIABLE = YES;
				MACOSX_DEPLOYMENT_TARGET = 14.0;
				MTL_ENABLE_DEBUG_INFO = INCLUDE_SOURCE;
				MTL_FAST_MATH = YES;
				ONLY_ACTIVE_ARCH = YES;
				SDKROOT = macosx;
				SWIFT_ACTIVE_COMPILATION_CONDITIONS = DEBUG;
				SWIFT_OPTIMIZATION_LEVEL = "-Onone";
			};
			name = Debug;
		};
		AD0000000000000000000002 /* Release */ = {
			isa = XCBuildConfiguration;
			buildSettings = {
				ALWAYS_SEARCH_USER_PATHS = NO;
				CLANG_ANALYZER_NONNULL = YES;
				CLANG_ANALYZER_NUMBER_OBJECT_CONVERSION = YES_AGGRESSIVE;
				CLANG_CXX_LANGUAGE_STANDARD = "gnu++20";
				CLANG_ENABLE_MODULES = YES;
				CLANG_ENABLE_OBJC_ARC = YES;
				CLANG_ENABLE_OBJC_WEAK = YES;
				CLANG_WARN_BLOCK_CAPTURE_AUTORELEASING = YES;
				CLANG_WARN_BOOL_CONVERSION = YES;
				CLANG_WARN_COMMA = YES;
				CLANG_WARN_CONSTANT_CONVERSION = YES;
				CLANG_WARN_DEPRECATED_OBJC_IMPLEMENTATIONS = YES;
				CLANG_WARN_DIRECT_OBJC_ISA_USAGE = YES_ERROR;
				CLANG_WARN_DOCUMENTATION_COMMENTS = YES;
				CLANG_WARN_EMPTY_BODY = YES;
				CLANG_WARN_ENUM_CONVERSION = YES;
				CLANG_WARN_INFINITE_RECURSION = YES;
				CLANG_WARN_INT_CONVERSION = YES;
				CLANG_WARN_NON_LITERAL_NULL_CONVERSION = YES;
				CLANG_WARN_OBJC_IMPLICIT_RETAIN_SELF = YES;
				CLANG_WARN_OBJC_LITERAL_CONVERSION = YES;
				CLANG_WARN_OBJC_ROOT_CLASS = YES_ERROR;
				CLANG_WARN_QUOTED_INCLUDE_IN_FRAMEWORK_HEADER = YES;
				CLANG_WARN_RANGE_LOOP_ANALYSIS = YES;
				CLANG_WARN_STRICT_PROTOTYPES = YES;
				CLANG_WARN_SUSPICIOUS_MOVE = YES;
				CLANG_WARN_UNGUARDED_AVAILABILITY = YES_AGGRESSIVE;
				CLANG_WARN_UNREACHABLE_CODE = YES;
				CLANG_WARN__DUPLICATE_METHOD_MATCH = YES;
				COPY_PHASE_STRIP = NO;
				DEBUG_INFORMATION_FORMAT = "dwarf-with-dsym";
				ENABLE_NS_ASSERTIONS = NO;
				ENABLE_STRICT_OBJC_MSGSEND = YES;
				ENABLE_USER_SCRIPT_SANDBOXING = YES;
				GCC_C_LANGUAGE_STANDARD = gnu17;
				GCC_NO_COMMON_BLOCKS = YES;
				GCC_WARN_64_TO_32_BIT_CONVERSION = YES;
				GCC_WARN_ABOUT_RETURN_TYPE = YES_ERROR;
				GCC_WARN_UNDECLARED_SELECTOR = YES;
				GCC_WARN_UNINITIALIZED_AUTOS = YES_AGGRESSIVE;
				GCC_WARN_UNUSED_FUNCTION = YES;
				GCC_WARN_UNUSED_VARIABLE = YES;
				MACOSX_DEPLOYMENT_TARGET = 14.0;
				MTL_ENABLE_DEBUG_INFO = NO;
				MTL_FAST_MATH = YES;
				SDKROOT = macosx;
				SWIFT_COMPILATION_MODE = wholemodule;
				SWIFT_OPTIMIZATION_LEVEL = "-O";
			};
			name = Release;
		};
		AD0000000000000000000003 /* Debug */ = {
			isa = XCBuildConfiguration;
			buildSettings = {
				ASSETCATALOG_COMPILER_APPICON_NAME = AppIcon;
				CODE_SIGN_ENTITLEMENTS = Daycast/Daycast.entitlements;
				"CODE_SIGN_IDENTITY[sdk=macosx*]" = "Apple Development";
				CODE_SIGN_STYLE = Automatic;
				COMBINE_HIDPI_IMAGES = YES;
				CURRENT_PROJECT_VERSION = 1;
				DEVELOPMENT_ASSET_PATHS = "";
				DEVELOPMENT_TEAM = H9GD4A7SQF;
				ENABLE_HARDENED_RUNTIME = YES;
				GENERATE_INFOPLIST_FILE = NO;
				INFOPLIST_FILE = Daycast/Info.plist;
				LD_RUNPATH_SEARCH_PATHS = (
					"$(inherited)",
					"@executable_path/../Frameworks",
				);
				MARKETING_VERSION = 1.0;
				PRODUCT_BUNDLE_IDENTIFIER = com.example.daycast;
				PRODUCT_NAME = "$(TARGET_NAME)";
				SWIFT_VERSION = 5.0;
			};
			name = Debug;
		};
		AD0000000000000000000004 /* Release */ = {
			isa = XCBuildConfiguration;
			buildSettings = {
				ASSETCATALOG_COMPILER_APPICON_NAME = AppIcon;
				CODE_SIGN_ENTITLEMENTS = Daycast/Daycast.entitlements;
				"CODE_SIGN_IDENTITY[sdk=macosx*]" = "Apple Development";
				CODE_SIGN_STYLE = Automatic;
				COMBINE_HIDPI_IMAGES = YES;
				CURRENT_PROJECT_VERSION = 1;
				DEVELOPMENT_ASSET_PATHS = "";
				DEVELOPMENT_TEAM = H9GD4A7SQF;
				ENABLE_HARDENED_RUNTIME = YES;
				GENERATE_INFOPLIST_FILE = NO;
				INFOPLIST_FILE = Daycast/Info.plist;
				LD_RUNPATH_SEARCH_PATHS = (
					"$(inherited)",
					"@executable_path/../Frameworks",
				);
				MARKETING_VERSION = 1.0;
				PRODUCT_BUNDLE_IDENTIFIER = com.example.daycast;
				PRODUCT_NAME = "$(TARGET_NAME)";
				SWIFT_VERSION = 5.0;
			};
			name = Release;
		};
		AD0000000000000000000005 /* Debug */ = {
			isa = XCBuildConfiguration;
			buildSettings = {
				APPLICATION_EXTENSION_API_ONLY = YES;
				CODE_SIGN_ENTITLEMENTS = DaycastWidget/DaycastWidget.entitlements;
				CODE_SIGN_STYLE = Automatic;
				CURRENT_PROJECT_VERSION = 1;
				DEVELOPMENT_TEAM = H9GD4A7SQF;
				GENERATE_INFOPLIST_FILE = NO;
				INFOPLIST_FILE = DaycastWidget/Info.plist;
				LD_RUNPATH_SEARCH_PATHS = (
					"$(inherited)",
					"@executable_path/../../../../Frameworks",
					"@executable_path/../Frameworks",
				);
				MARKETING_VERSION = 1.0;
					PRODUCT_BUNDLE_IDENTIFIER = com.example.daycast.widget;
					PRODUCT_NAME = "$(TARGET_NAME)";
					SKIP_INSTALL = YES;
					SWIFT_ACTIVE_COMPILATION_CONDITIONS = "DEBUG WIDGET_EXTENSION";
					SWIFT_VERSION = 5.0;
					WRAPPER_EXTENSION = appex;
			};
			name = Debug;
		};
		AD0000000000000000000006 /* Release */ = {
			isa = XCBuildConfiguration;
			buildSettings = {
				APPLICATION_EXTENSION_API_ONLY = YES;
				CODE_SIGN_ENTITLEMENTS = DaycastWidget/DaycastWidget.entitlements;
				CODE_SIGN_STYLE = Automatic;
				CURRENT_PROJECT_VERSION = 1;
				DEVELOPMENT_TEAM = H9GD4A7SQF;
				GENERATE_INFOPLIST_FILE = NO;
				INFOPLIST_FILE = DaycastWidget/Info.plist;
				LD_RUNPATH_SEARCH_PATHS = (
					"$(inherited)",
					"@executable_path/../../../../Frameworks",
					"@executable_path/../Frameworks",
				);
				MARKETING_VERSION = 1.0;
					PRODUCT_BUNDLE_IDENTIFIER = com.example.daycast.widget;
					PRODUCT_NAME = "$(TARGET_NAME)";
					SKIP_INSTALL = YES;
					SWIFT_ACTIVE_COMPILATION_CONDITIONS = WIDGET_EXTENSION;
					SWIFT_VERSION = 5.0;
					WRAPPER_EXTENSION = appex;
			};
			name = Release;
		};
		BD0000000000000000000001 /* Debug */ = {
			isa = XCBuildConfiguration;
			buildSettings = {
				ASSETCATALOG_COMPILER_APPICON_NAME = AppIcon;
				CODE_SIGN_ENTITLEMENTS = DaycastLoginHelper/DaycastLoginHelper.entitlements;
				"CODE_SIGN_IDENTITY[sdk=macosx*]" = "Apple Development";
				CODE_SIGN_STYLE = Automatic;
				COMBINE_HIDPI_IMAGES = YES;
				CURRENT_PROJECT_VERSION = 1;
				DEVELOPMENT_ASSET_PATHS = "";
				DEVELOPMENT_TEAM = H9GD4A7SQF;
				ENABLE_HARDENED_RUNTIME = YES;
				GENERATE_INFOPLIST_FILE = NO;
				INFOPLIST_FILE = DaycastLoginHelper/Info.plist;
				LD_RUNPATH_SEARCH_PATHS = (
					"$(inherited)",
					"@executable_path/../Frameworks",
				);
				MARKETING_VERSION = 1.0;
				PRODUCT_BUNDLE_IDENTIFIER = com.example.daycast.loginhelper;
				PRODUCT_NAME = "$(TARGET_NAME)";
				SKIP_INSTALL = YES;
				SWIFT_VERSION = 5.0;
			};
			name = Debug;
		};
		BD0000000000000000000002 /* Release */ = {
			isa = XCBuildConfiguration;
			buildSettings = {
				ASSETCATALOG_COMPILER_APPICON_NAME = AppIcon;
				CODE_SIGN_ENTITLEMENTS = DaycastLoginHelper/DaycastLoginHelper.entitlements;
				"CODE_SIGN_IDENTITY[sdk=macosx*]" = "Apple Development";
				CODE_SIGN_STYLE = Automatic;
				COMBINE_HIDPI_IMAGES = YES;
				CURRENT_PROJECT_VERSION = 1;
				DEVELOPMENT_ASSET_PATHS = "";
				DEVELOPMENT_TEAM = H9GD4A7SQF;
				ENABLE_HARDENED_RUNTIME = YES;
				GENERATE_INFOPLIST_FILE = NO;
				INFOPLIST_FILE = DaycastLoginHelper/Info.plist;
				LD_RUNPATH_SEARCH_PATHS = (
					"$(inherited)",
					"@executable_path/../Frameworks",
				);
				MARKETING_VERSION = 1.0;
				PRODUCT_BUNDLE_IDENTIFIER = com.example.daycast.loginhelper;
				PRODUCT_NAME = "$(TARGET_NAME)";
				SKIP_INSTALL = YES;
				SWIFT_VERSION = 5.0;
			};
			name = Release;
		};
/* End XCBuildConfiguration section */

/* Begin XCConfigurationList section */
		A90000000000000000000001 /* Build configuration list for PBXProject "Daycast" */ = {
			isa = XCConfigurationList;
			buildConfigurations = (
				AD0000000000000000000001 /* Debug */,
				AD0000000000000000000002 /* Release */,
			);
			defaultConfigurationIsVisible = 0;
			defaultConfigurationName = Release;
		};
		A90000000000000000000002 /* Build configuration list for PBXNativeTarget "Daycast" */ = {
			isa = XCConfigurationList;
			buildConfigurations = (
				AD0000000000000000000003 /* Debug */,
				AD0000000000000000000004 /* Release */,
			);
			defaultConfigurationIsVisible = 0;
			defaultConfigurationName = Release;
		};
		A90000000000000000000003 /* Build configuration list for PBXNativeTarget "DaycastWidget" */ = {
			isa = XCConfigurationList;
			buildConfigurations = (
				AD0000000000000000000005 /* Debug */,
				AD0000000000000000000006 /* Release */,
			);
			defaultConfigurationIsVisible = 0;
			defaultConfigurationName = Release;
		};
		B90000000000000000000001 /* Build configuration list for PBXNativeTarget "DaycastLoginHelper" */ = {
			isa = XCConfigurationList;
			buildConfigurations = (
				BD0000000000000000000001 /* Debug */,
				BD0000000000000000000002 /* Release */,
			);
			defaultConfigurationIsVisible = 0;
			defaultConfigurationName = Release;
		};
/* End XCConfigurationList section */
	};
	rootObject = A00000000000000000000001 /* Project object */;
}
